
Microsoft Visual Studio Solution File, Format Version 12.00
# Visual Studio 15
VisualStudioVersion = 15.0.27703.2042
MinimumVisualStudioVersion = 10.0.40219.1
Project("{FAE04EC0-301F-11D3-BF4B-00C04F79EFBC}") = "Puzzle", "Puzzle\Puzzle.csproj", "{5C9E113F-197C-411D-B62F-54A7629B5913}"
EndProject
Global
	GlobalSection(SolutionConfigurationPlatforms) = preSolution
		Debug|Any CPU = Debug|Any CPU
		Release|Any CPU = Release|Any CPU
	EndGlobalSection
	GlobalSection(ProjectConfigurationPlatforms) = postSolution
		{5C9E113F-197C-411D-B62F-54A7629B5913}.Debug|Any CPU.ActiveCfg = Debug|Any CPU
		{5C9E113F-197C-411D-B62F-54A7629B5913}.Debug|Any CPU.Build.0 = Debug|Any CPU
		{5C9E113F-197C-411D-B62F-54A7629B5913}.Release|Any CPU.ActiveCfg = Release|Any CPU
		{5C9E113F-197C-411D-B62F-54A7629B5913}.Release|Any CPU.Build.0 = Release|Any CPU
	EndGlobalSection
	GlobalSection(SolutionProperties) = preSolution
		HideSolutionNode = FALSE
	EndGlobalSection
	GlobalSection(ExtensibilityGlobals) = postSolution
		SolutionGuid = {6019C83F-9D04-45AF-9E7C-23476A9C9557}
	EndGlobalSection
EndGlobal
